// !$*UTF8*$!
{
	archiveVersion = 1;
	classes = {
	};
	objectVersion = 55;
	objects = {

/* Begin PBXBuildFile section */
		A9AB517A288F1BC5006A5385 /* AppDelegate.swift in Sources */ = {isa = PBXBuildFile; fileRef = A9AB5179288F1BC5006A5385 /* AppDelegate.swift */; };
		A9AB517C288F1BC5006A5385 /* SceneDelegate.swift in Sources */ = {isa = PBXBuildFile; fileRef = A9AB517B288F1BC5006A5385 /* SceneDelegate.swift */; };
		A9AB517E288F1BC5006A5385 /* ViewController.swift in Sources */ = {isa = PBXBuildFile; fileRef = A9AB517D288F1BC5006A5385 /* ViewController.swift */; };
		A9AB5181288F1BC5006A5385 /* Main.storyboard in Resources */ = {isa = PBXBuildFile; fileRef = A9AB517F288F1BC5006A5385 /* Main.storyboard */; };
		A9AB5184288F1BC5006A5385 /* Movie_Songs.xcdatamodeld in Sources */ = {isa = PBXBuildFile; fileRef = A9AB5182288F1BC5006A5385 /* Movie_Songs.xcdatamodeld */; };
		A9AB5186288F1BC5006A5385 /* Assets.xcassets in Resources */ = {isa = PBXBuildFile; fileRef = A9AB5185288F1BC5006A5385 /* Assets.xcassets */; };
		A9AB5189288F1BC5006A5385 /* LaunchScreen.storyboard in Resources */ = {isa = PBXBuildFile; fileRef = A9AB5187288F1BC5006A5385 /* LaunchScreen.storyboard */; };
		A9AB519D288F1D79006A5385 /* Avengers.mp3 in Resources */ = {isa = PBXBuildFile; fileRef = A9AB519C288F1D79006A5385 /* Avengers.mp3 */; };
		A9AB519F288F1D81006A5385 /* God Father.mp3 in Resources */ = {isa = PBXBuildFile; fileRef = A9AB519E288F1D81006A5385 /* God Father.mp3 */; };
		A9AB51A1288F1D85006A5385 /* The Dark Knight.mp3 in Resources */ = {isa = PBXBuildFile; fileRef = A9AB51A0288F1D85006A5385 /* The Dark Knight.mp3 */; };
		A9AB51A3288F1DE5006A5385 /* Pirates Of The Carribean.mp3 in Resources */ = {isa = PBXBuildFile; fileRef = A9AB51A2288F1DE5006A5385 /* Pirates Of The Carribean.mp3 */; };
		A9AB51AA288F1DFA006A5385 /* Star Wars.mp3 in Resources */ = {isa = PBXBuildFile; fileRef = A9AB51A4288F1DF9006A5385 /* Star Wars.mp3 */; };
		A9AB51AC288F1DFA006A5385 /* Mission Impossible.mp3 in Resources */ = {isa = PBXBuildFile; fileRef = A9AB51A6288F1DFA006A5385 /* Mission Impossible.mp3 */; };
		A9AB51AD288F1DFA006A5385 /* Intersteller.mp3 in Resources */ = {isa = PBXBuildFile; fileRef = A9AB51A7288F1DFA006A5385 /* Intersteller.mp3 */; };
		A9AB51AE288F1DFA006A5385 /* Game Of Thrones.mp3 in Resources */ = {isa = PBXBuildFile; fileRef = A9AB51A8288F1DFA006A5385 /* Game Of Thrones.mp3 */; };
		A9AB51AF288F1DFA006A5385 /* Harry Potter.mp3 in Resources */ = {isa = PBXBuildFile; fileRef = A9AB51A9288F1DFA006A5385 /* Harry Potter.mp3 */; };
/* End PBXBuildFile section */

/* Begin PBXFileReference section */
		A9AB5176288F1BC5006A5385 /* Movie Songs.app */ = {isa = PBXFileReference; explicitFileType = wrapper.application; includeInIndex = 0; path = "Movie Songs.app"; sourceTree = BUILT_PRODUCTS_DIR; };
		A9AB5179288F1BC5006A5385 /* AppDelegate.swift */ = {isa = PBXFileReference; lastKnownFileType = sourcecode.swift; path = AppDelegate.swift; sourceTree = "<group>"; };
		A9AB517B288F1BC5006A5385 /* SceneDelegate.swift */ = {isa = PBXFileReference; lastKnownFileType = sourcecode.swift; path = SceneDelegate.swift; sourceTree = "<group>"; };
		A9AB517D288F1BC5006A5385 /* ViewController.swift */ = {isa = PBXFileReference; lastKnownFileType = sourcecode.swift; path = ViewController.swift; sourceTree = "<group>"; };
		A9AB5180288F1BC5006A5385 /* Base */ = {isa = PBXFileReference; lastKnownFileType = file.storyboard; name = Base; path = Base.lproj/Main.storyboard; sourceTree = "<group>"; };
		A9AB5183288F1BC5006A5385 /* Movie_Songs.xcdatamodel */ = {isa = PBXFileReference; lastKnownFileType = wrapper.xcdatamodel; path = Movie_Songs.xcdatamodel; sourceTree = "<group>"; };
		A9AB5185288F1BC5006A5385 /* Assets.xcassets */ = {isa = PBXFileReference; lastKnownFileType = folder.assetcatalog; path = Assets.xcassets; sourceTree = "<group>"; };
		A9AB5188288F1BC5006A5385 /* Base */ = {isa = PBXFileReference; lastKnownFileType = file.storyboard; name = Base; path = Base.lproj/LaunchScreen.storyboard; sourceTree = "<group>"; };
		A9AB518A288F1BC5006A5385 /* Info.plist */ = {isa = PBXFileReference; lastKnownFileType = text.plist.xml; path = Info.plist; sourceTree = "<group>"; };
		A9AB519C288F1D79006A5385 /* Avengers.mp3 */ = {isa = PBXFileReference; lastKnownFileType = audio.mp3; name = Avengers.mp3; path = ../../../../Downloads/Avengers.mp3; sourceTree = "<group>"; };
		A9AB519E288F1D81006A5385 /* God Father.mp3 */ = {isa = PBXFileReference; lastKnownFileType = audio.mp3; name = "God Father.mp3"; path = "../../../../Downloads/God Father.mp3"; sourceTree = "<group>"; };
		A9AB51A0288F1D85006A5385 /* The Dark Knight.mp3 */ = {isa = PBXFileReference; lastKnownFileType = audio.mp3; name = "The Dark Knight.mp3"; path = "../../../../Downloads/The Dark Knight.mp3"; sourceTree = "<group>"; };
		A9AB51A2288F1DE5006A5385 /* Pirates Of The Carribean.mp3 */ = {isa = PBXFileReference; lastKnownFileType = audio.mp3; name = "Pirates Of The Carribean.mp3"; path = "../../../Pirates Of The Carribean.mp3"; sourceTree = "<group>"; };
		A9AB51A4288F1DF9006A5385 /* Star Wars.mp3 */ = {isa = PBXFileReference; lastKnownFileType = audio.mp3; name = "Star Wars.mp3"; path = "../../../Star Wars.mp3"; sourceTree = "<group>"; };
		A9AB51A6288F1DFA006A5385 /* Mission Impossible.mp3 */ = {isa = PBXFileReference; lastKnownFileType = audio.mp3; name = "Mission Impossible.mp3"; path = "../../../Mission Impossible.mp3"; sourceTree = "<group>"; };
		A9AB51A7288F1DFA006A5385 /* Intersteller.mp3 */ = {isa = PBXFileReference; lastKnownFileType = audio.mp3; name = Intersteller.mp3; path = ../../../Intersteller.mp3; sourceTree = "<group>"; };
		A9AB51A8288F1DFA006A5385 /* Game Of Thrones.mp3 */ = {isa = PBXFileReference; lastKnownFileType = audio.mp3; name = "Game Of Thrones.mp3"; path = "../../../Game Of Thrones.mp3"; sourceTree = "<group>"; };
		A9AB51A9288F1DFA006A5385 /* Harry Potter.mp3 */ = {isa = PBXFileReference; lastKnownFileType = audio.mp3; name = "Harry Potter.mp3"; path = "../../../Harry Potter.mp3"; sourceTree = "<group>"; };
/* End PBXFileReference section */

/* Begin PBXFrameworksBuildPhase section */
		A9AB5173288F1BC5006A5385 /* Frameworks */ = {
			isa = PBXFrameworksBuildPhase;
			buildActionMask = 2147483647;
			files = (
			);
			runOnlyForDeploymentPostprocessing = 0;
		};
/* End PBXFrameworksBuildPhase section */

/* Begin PBXGroup section */
		A9AB516D288F1BC5006A5385 = {
			isa = PBXGroup;
			children = (
				A9AB5178288F1BC5006A5385 /* Movie Songs */,
				A9AB5177288F1BC5006A5385 /* Products */,
			);
			sourceTree = "<group>";
		};
		A9AB5177288F1BC5006A5385 /* Products */ = {
			isa = PBXGroup;
			children = (
				A9AB5176288F1BC5006A5385 /* Movie Songs.app */,
			);
			name = Products;
			sourceTree = "<group>";
		};
		A9AB5178288F1BC5006A5385 /* Movie Songs */ = {
			isa = PBXGroup;
			children = (
				A9AB5179288F1BC5006A5385 /* AppDelegate.swift */,
				A9AB517B288F1BC5006A5385 /* SceneDelegate.swift */,
				A9AB517D288F1BC5006A5385 /* ViewController.swift */,
				A9AB517F288F1BC5006A5385 /* Main.storyboard */,
				A9AB5185288F1BC5006A5385 /* Assets.xcassets */,
				A9AB5187288F1BC5006A5385 /* LaunchScreen.storyboard */,
				A9AB518A288F1BC5006A5385 /* Info.plist */,
				A9AB5182288F1BC5006A5385 /* Movie_Songs.xcdatamodeld */,
				A9AB519C288F1D79006A5385 /* Avengers.mp3 */,
				A9AB519E288F1D81006A5385 /* God Father.mp3 */,
				A9AB51A0288F1D85006A5385 /* The Dark Knight.mp3 */,
				A9AB51A2288F1DE5006A5385 /* Pirates Of The Carribean.mp3 */,
				A9AB51A8288F1DFA006A5385 /* Game Of Thrones.mp3 */,
				A9AB51A9288F1DFA006A5385 /* Harry Potter.mp3 */,
				A9AB51A7288F1DFA006A5385 /* Intersteller.mp3 */,
				A9AB51A6288F1DFA006A5385 /* Mission Impossible.mp3 */,
				A9AB51A4288F1DF9006A5385 /* Star Wars.mp3 */,
			);
			path = "Movie Songs";
			sourceTree = "<group>";
		};
/* End PBXGroup section */

/* Begin PBXNativeTarget section */
		A9AB5175288F1BC5006A5385 /* Movie Songs */ = {
			isa = PBXNativeTarget;
			buildConfigurationList = A9AB518D288F1BC5006A5385 /* Build configuration list for PBXNativeTarget "Movie Songs" */;
			buildPhases = (
				A9AB5172288F1BC5006A5385 /* Sources */,
				A9AB5173288F1BC5006A5385 /* Frameworks */,
				A9AB5174288F1BC5006A5385 /* Resources */,
			);
			buildRules = (
			);
			dependencies = (
			);
			name = "Movie Songs";
			productName = "Movie Songs";
			productReference = A9AB5176288F1BC5006A5385 /* Movie Songs.app */;
			productType = "com.apple.product-type.application";
		};
/* End PBXNativeTarget section */

/* Begin PBXProject section */
		A9AB516E288F1BC5006A5385 /* Project object */ = {
			isa = PBXProject;
			attributes = {
				BuildIndependentTargetsInParallel = 1;
				LastSwiftUpdateCheck = 1340;
				LastUpgradeCheck = 1340;
				TargetAttributes = {
					A9AB5175288F1BC5006A5385 = {
						CreatedOnToolsVersion = 13.4.1;
					};
				};
			};
			buildConfigurationList = A9AB5171288F1BC5006A5385 /* Build configuration list for PBXProject "Movie Songs" */;
			compatibilityVersion = "Xcode 13.0";
			developmentRegion = en;
			hasScannedForEncodings = 0;
			knownRegions = (
				en,
				Base,
			);
			mainGroup = A9AB516D288F1BC5006A5385;
			productRefGroup = A9AB5177288F1BC5006A5385 /* Products */;
			projectDirPath = "";
			projectRoot = "";
			targets = (
				A9AB5175288F1BC5006A5385 /* Movie Songs */,
			);
		};
/* End PBXProject section */

/* Begin PBXResourcesBuildPhase section */
		A9AB5174288F1BC5006A5385 /* Resources */ = {
			isa = PBXResourcesBuildPhase;
			buildActionMask = 2147483647;
			files = (
				A9AB519D288F1D79006A5385 /* Avengers.mp3 in Resources */,
				A9AB51AD288F1DFA006A5385 /* Intersteller.mp3 in Resources */,
				A9AB51AF288F1DFA006A5385 /* Harry Potter.mp3 in Resources */,
				A9AB51AA288F1DFA006A5385 /* Star Wars.mp3 in Resources */,
				A9AB5189288F1BC5006A5385 /* LaunchScreen.storyboard in Resources */,
				A9AB5186288F1BC5006A5385 /* Assets.xcassets in Resources */,
				A9AB51AE288F1DFA006A5385 /* Game Of Thrones.mp3 in Resources */,
				A9AB51AC288F1DFA006A5385 /* Mission Impossible.mp3 in Resources */,
				A9AB5181288F1BC5006A5385 /* Main.storyboard in Resources */,
				A9AB51A3288F1DE5006A5385 /* Pirates Of The Carribean.mp3 in Resources */,
				A9AB51A1288F1D85006A5385 /* The Dark Knight.mp3 in Resources */,
				A9AB519F288F1D81006A5385 /* God Father.mp3 in Resources */,
			);
			runOnlyForDeploymentPostprocessing = 0;
		};
/* End PBXResourcesBuildPhase section */

/* Begin PBXSourcesBuildPhase section */
		A9AB5172288F1BC5006A5385 /* Sources */ = {
			isa = PBXSourcesBuildPhase;
			buildActionMask = 2147483647;
			files = (
				A9AB517E288F1BC5006A5385 /* ViewController.swift in Sources */,
				A9AB5184288F1BC5006A5385 /* Movie_Songs.xcdatamodeld in Sources */,
				A9AB517A288F1BC5006A5385 /* AppDelegate.swift in Sources */,
				A9AB517C288F1BC5006A5385 /* SceneDelegate.swift in Sources */,
			);
			runOnlyForDeploymentPostprocessing = 0;
		};
/* End PBXSourcesBuildPhase section */

/* Begin PBXVariantGroup section */
		A9AB517F288F1BC5006A5385 /* Main.storyboard */ = {
			isa = PBXVariantGroup;
			children = (
				A9AB5180288F1BC5006A5385 /* Base */,
			);
			name = Main.storyboard;
			sourceTree = "<group>";
		};
		A9AB5187288F1BC5006A5385 /* LaunchScreen.storyboard */ = {
			isa = PBXVariantGroup;
			children = (
				A9AB5188288F1BC5006A5385 /* Base */,
			);
			name = LaunchScreen.storyboard;
			sourceTree = "<group>";
		};
/* End PBXVariantGroup section */

/* Begin XCBuildConfiguration section */
		A9AB518B288F1BC5006A5385 /* Debug */ = {
			isa = XCBuildConfiguration;
			buildSettings = {
				ALWAYS_SEARCH_USER_PATHS = NO;
				CLANG_ANALYZER_NONNULL = YES;
				CLANG_ANALYZER_NUMBER_OBJECT_CONVERSION = YES_AGGRESSIVE;
				CLANG_CXX_LANGUAGE_STANDARD = "gnu++17";
				CLANG_ENABLE_MODULES = YES;
				CLANG_ENABLE_OBJC_ARC = YES;
				CLANG_ENABLE_OBJC_WEAK = YES;
				CLANG_WARN_BLOCK_CAPTURE_AUTORELEASING = YES;
				CLANG_WARN_BOOL_CONVERSION = YES;
				CLANG_WARN_COMMA = YES;
				CLANG_WARN_CONSTANT_CONVERSION = YES;
				CLANG_WARN_DEPRECATED_OBJC_IMPLEMENTATIONS = YES;
				CLANG_WARN_DIRECT_OBJC_ISA_USAGE = YES_ERROR;
				CLANG_WARN_DOCUMENTATION_COMMENTS = YES;
				CLANG_WARN_EMPTY_BODY = YES;
				CLANG_WARN_ENUM_CONVERSION = YES;
				CLANG_WARN_INFINITE_RECURSION = YES;
				CLANG_WARN_INT_CONVERSION = YES;
				CLANG_WARN_NON_LITERAL_NULL_CONVERSION = YES;
				CLANG_WARN_OBJC_IMPLICIT_RETAIN_SELF = YES;
				CLANG_WARN_OBJC_LITERAL_CONVERSION = YES;
				CLANG_WARN_OBJC_ROOT_CLASS = YES_ERROR;
				CLANG_WARN_QUOTED_INCLUDE_IN_FRAMEWORK_HEADER = YES;
				CLANG_WARN_RANGE_LOOP_ANALYSIS = YES;
				CLANG_WARN_STRICT_PROTOTYPES = YES;
				CLANG_WARN_SUSPICIOUS_MOVE = YES;
				CLANG_WARN_UNGUARDED_AVAILABILITY = YES_AGGRESSIVE;
				CLANG_WARN_UNREACHABLE_CODE = YES;
				CLANG_WARN__DUPLICATE_METHOD_MATCH = YES;
				COPY_PHASE_STRIP = NO;
				DEBUG_INFORMATION_FORMAT = dwarf;
				ENABLE_STRICT_OBJC_MSGSEND = YES;
				ENABLE_TESTABILITY = YES;
				GCC_C_LANGUAGE_STANDARD = gnu11;
				GCC_DYNAMIC_NO_PIC = NO;
				GCC_NO_COMMON_BLOCKS = YES;
				GCC_OPTIMIZATION_LEVEL = 0;
				GCC_PREPROCESSOR_DEFINITIONS = (
					"DEBUG=1",
					"$(inherited)",
				);
				GCC_WARN_64_TO_32_BIT_CONVERSION = YES;
				GCC_WARN_ABOUT_RETURN_TYPE = YES_ERROR;
				GCC_WARN_UNDECLARED_SELECTOR = YES;
				GCC_WARN_UNINITIALIZED_AUTOS = YES_AGGRESSIVE;
				GCC_WARN_UNUSED_FUNCTION = YES;
				GCC_WARN_UNUSED_VARIABLE = YES;
				IPHONEOS_DEPLOYMENT_TARGET = 15.5;
				MTL_ENABLE_DEBUG_INFO = INCLUDE_SOURCE;
				MTL_FAST_MATH = YES;
				ONLY_ACTIVE_ARCH = YES;
				SDKROOT = iphoneos;
				SWIFT_ACTIVE_COMPILATION_CONDITIONS = DEBUG;
				SWIFT_OPTIMIZATION_LEVEL = "-Onone";
			};
			name = Debug;
		};
		A9AB518C288F1BC5006A5385 /* Release */ = {
			isa = XCBuildConfiguration;
			buildSettings = {
				ALWAYS_SEARCH_USER_PATHS = NO;
				CLANG_ANALYZER_NONNULL = YES;
				CLANG_ANALYZER_NUMBER_OBJECT_CONVERSION = YES_AGGRESSIVE;
				CLANG_CXX_LANGUAGE_STANDARD = "gnu++17";
				CLANG_ENABLE_MODULES = YES;
				CLANG_ENABLE_OBJC_ARC = YES;
				CLANG_ENABLE_OBJC_WEAK = YES;
				CLANG_WARN_BLOCK_CAPTURE_AUTORELEASING = YES;
				CLANG_WARN_BOOL_CONVERSION = YES;
				CLANG_WARN_COMMA = YES;
				CLANG_WARN_CONSTANT_CONVERSION = YES;
				CLANG_WARN_DEPRECATED_OBJC_IMPLEMENTATIONS = YES;
				CLANG_WARN_DIRECT_OBJC_ISA_USAGE = YES_ERROR;
				CLANG_WARN_DOCUMENTATION_COMMENTS = YES;
				CLANG_WARN_EMPTY_BODY = YES;
				CLANG_WARN_ENUM_CONVERSION = YES;
				CLANG_WARN_INFINITE_RECURSION = YES;
				CLANG_WARN_INT_CONVERSION = YES;
				CLANG_WARN_NON_LITERAL_NULL_CONVERSION = YES;
				CLANG_WARN_OBJC_IMPLICIT_RETAIN_SELF = YES;
				CLANG_WARN_OBJC_LITERAL_CONVERSION = YES;
				CLANG_WARN_OBJC_ROOT_CLASS = YES_ERROR;
				CLANG_WARN_QUOTED_INCLUDE_IN_FRAMEWORK_HEADER = YES;
				CLANG_WARN_RANGE_LOOP_ANALYSIS = YES;
				CLANG_WARN_STRICT_PROTOTYPES = YES;
				CLANG_WARN_SUSPICIOUS_MOVE = YES;
				CLANG_WARN_UNGUARDED_AVAILABILITY = YES_AGGRESSIVE;
				CLANG_WARN_UNREACHABLE_CODE = YES;
				CLANG_WARN__DUPLICATE_METHOD_MATCH = YES;
				COPY_PHASE_STRIP = NO;
				DEBUG_INFORMATION_FORMAT = "dwarf-with-dsym";
				ENABLE_NS_ASSERTIONS = NO;
				ENABLE_STRICT_OBJC_MSGSEND = YES;
				GCC_C_LANGUAGE_STANDARD = gnu11;
				GCC_NO_COMMON_BLOCKS = YES;
				GCC_WARN_64_TO_32_BIT_CONVERSION = YES;
				GCC_WARN_ABOUT_RETURN_TYPE = YES_ERROR;
				GCC_WARN_UNDECLARED_SELECTOR = YES;
				GCC_WARN_UNINITIALIZED_AUTOS = YES_AGGRESSIVE;
				GCC_WARN_UNUSED_FUNCTION = YES;
				GCC_WARN_UNUSED_VARIABLE = YES;
				IPHONEOS_DEPLOYMENT_TARGET = 15.5;
				MTL_ENABLE_DEBUG_INFO = NO;
				MTL_FAST_MATH = YES;
				SDKROOT = iphoneos;
				SWIFT_COMPILATION_MODE = wholemodule;
				SWIFT_OPTIMIZATION_LEVEL = "-O";
				VALIDATE_PRODUCT = YES;
			};
			name = Release;
		};
		A9AB518E288F1BC5006A5385 /* Debug */ = {
			isa = XCBuildConfiguration;
			buildSettings = {
				ASSETCATALOG_COMPILER_APPICON_NAME = AppIcon;
				ASSETCATALOG_COMPILER_GLOBAL_ACCENT_COLOR_NAME = AccentColor;
				CODE_SIGN_STYLE = Automatic;
				CURRENT_PROJECT_VERSION = 1;
				DEVELOPMENT_TEAM = 6TVQSAB3DR;
				GENERATE_INFOPLIST_FILE = YES;
				INFOPLIST_FILE = "Movie Songs/Info.plist";
				INFOPLIST_KEY_UIApplicationSupportsIndirectInputEvents = YES;
				INFOPLIST_KEY_UILaunchStoryboardName = LaunchScreen;
				INFOPLIST_KEY_UIMainStoryboardFile = Main;
				INFOPLIST_KEY_UISupportedInterfaceOrientations = UIInterfaceOrientationPortrait;
				INFOPLIST_KEY_UISupportedInterfaceOrientations_iPad = "UIInterfaceOrientationPortrait UIInterfaceOrientationPortraitUpsideDown UIInterfaceOrientationLandscapeLeft UIInterfaceOrientationLandscapeRight";
				INFOPLIST_KEY_UISupportedInterfaceOrientations_iPhone = "UIInterfaceOrientationPortrait UIInterfaceOrientationLandscapeLeft UIInterfaceOrientationLandscapeRight";
				LD_RUNPATH_SEARCH_PATHS = (
					"$(inherited)",
					"@executable_path/Frameworks",
				);
				MARKETING_VERSION = 1.0;
				PRODUCT_BUNDLE_IDENTIFIER = "com.farukasoglu.Movie-Songs";
				PRODUCT_NAME = "$(TARGET_NAME)";
				SWIFT_EMIT_LOC_STRINGS = YES;
				SWIFT_VERSION = 5.0;
				TARGETED_DEVICE_FAMILY = "1,2";
			};
			name = Debug;
		};
		A9AB518F288F1BC5006A5385 /* Release */ = {
			isa = XCBuildConfiguration;
			buildSettings = {
				ASSETCATALOG_COMPILER_APPICON_NAME = AppIcon;
				ASSETCATALOG_COMPILER_GLOBAL_ACCENT_COLOR_NAME = AccentColor;
				CODE_SIGN_STYLE = Automatic;
				CURRENT_PROJECT_VERSION = 1;
				DEVELOPMENT_TEAM = 6TVQSAB3DR;
				GENERATE_INFOPLIST_FILE = YES;
				INFOPLIST_FILE = "Movie Songs/Info.plist";
				INFOPLIST_KEY_UIApplicationSupportsIndirectInputEvents = YES;
				INFOPLIST_KEY_UILaunchStoryboardName = LaunchScreen;
				INFOPLIST_KEY_UIMainStoryboardFile = Main;
				INFOPLIST_KEY_UISupportedInterfaceOrientations = UIInterfaceOrientationPortrait;
				INFOPLIST_KEY_UISupportedInterfaceOrientations_iPad = "UIInterfaceOrientationPortrait UIInterfaceOrientationPortraitUpsideDown UIInterfaceOrientationLandscapeLeft UIInterfaceOrientationLandscapeRight";
				INFOPLIST_KEY_UISupportedInterfaceOrientations_iPhone = "UIInterfaceOrientationPortrait UIInterfaceOrientationLandscapeLeft UIInterfaceOrientationLandscapeRight";
				LD_RUNPATH_SEARCH_PATHS = (
					"$(inherited)",
					"@executable_path/Frameworks",
				);
				MARKETING_VERSION = 1.0;
				PRODUCT_BUNDLE_IDENTIFIER = "com.farukasoglu.Movie-Songs";
				PRODUCT_NAME = "$(TARGET_NAME)";
				SWIFT_EMIT_LOC_STRINGS = YES;
				SWIFT_VERSION = 5.0;
				TARGETED_DEVICE_FAMILY = "1,2";
			};
			name = Release;
		};
/* End XCBuildConfiguration section */

/* Begin XCConfigurationList section */
		A9AB5171288F1BC5006A5385 /* Build configuration list for PBXProject "Movie Songs" */ = {
			isa = XCConfigurationList;
			buildConfigurations = (
				A9AB518B288F1BC5006A5385 /* Debug */,
				A9AB518C288F1BC5006A5385 /* Release */,
			);
			defaultConfigurationIsVisible = 0;
			defaultConfigurationName = Release;
		};
		A9AB518D288F1BC5006A5385 /* Build configuration list for PBXNativeTarget "Movie Songs" */ = {
			isa = XCConfigurationList;
			buildConfigurations = (
				A9AB518E288F1BC5006A5385 /* Debug */,
				A9AB518F288F1BC5006A5385 /* Release */,
			);
			defaultConfigurationIsVisible = 0;
			defaultConfigurationName = Release;
		};
/* End XCConfigurationList section */

/* Begin XCVersionGroup section */
		A9AB5182288F1BC5006A5385 /* Movie_Songs.xcdatamodeld */ = {
			isa = XCVersionGroup;
			children = (
				A9AB5183288F1BC5006A5385 /* Movie_Songs.xcdatamodel */,
			);
			currentVersion = A9AB5183288F1BC5006A5385 /* Movie_Songs.xcdatamodel */;
			path = Movie_Songs.xcdatamodeld;
			sourceTree = "<group>";
			versionGroupType = wrapper.xcdatamodel;
		};
/* End XCVersionGroup section */
	};
	rootObject = A9AB516E288F1BC5006A5385 /* Project object */;
}
